// !$*UTF8*$!
{
	archiveVersion = 1;
	classes = {
	};
	objectVersion = 55;
	objects = {

/* Begin PBXBuildFile section */
		73600A502980499500033BC7 /* MoviesInteractor.swift in Sources */ = {isa = PBXBuildFile; fileRef = 73600A4F2980499500033BC7 /* MoviesInteractor.swift */; };
		73600A5229804AC100033BC7 /* UIImage + URLSession.swift in Sources */ = {isa = PBXBuildFile; fileRef = 73600A5129804AC100033BC7 /* UIImage + URLSession.swift */; };
		73600A552980549900033BC7 /* MovieList.swift in Sources */ = {isa = PBXBuildFile; fileRef = 73600A542980549900033BC7 /* MovieList.swift */; };
		73600A5A2980575700033BC7 /* ListMoviesVCPresenter.swift in Sources */ = {isa = PBXBuildFile; fileRef = 73600A592980575700033BC7 /* ListMoviesVCPresenter.swift */; };
		73600A5C2980596600033BC7 /* ListMoviesVC+Presenter.swift in Sources */ = {isa = PBXBuildFile; fileRef = 73600A5B2980596600033BC7 /* ListMoviesVC+Presenter.swift */; };
		73B49F6B29801BFC00D36220 /* AppDelegate.swift in Sources */ = {isa = PBXBuildFile; fileRef = 73B49F6A29801BFC00D36220 /* AppDelegate.swift */; };
		73B49F6D29801BFC00D36220 /* SceneDelegate.swift in Sources */ = {isa = PBXBuildFile; fileRef = 73B49F6C29801BFC00D36220 /* SceneDelegate.swift */; };
		73B49F7229801BFC00D36220 /* Main.storyboard in Resources */ = {isa = PBXBuildFile; fileRef = 73B49F7029801BFC00D36220 /* Main.storyboard */; };
		73B49F7429801C0400D36220 /* Assets.xcassets in Resources */ = {isa = PBXBuildFile; fileRef = 73B49F7329801C0400D36220 /* Assets.xcassets */; };
		73B49F7729801C0400D36220 /* LaunchScreen.storyboard in Resources */ = {isa = PBXBuildFile; fileRef = 73B49F7529801C0400D36220 /* LaunchScreen.storyboard */; };
		73B49F8429801D0700D36220 /* ListMoviesVC.swift in Sources */ = {isa = PBXBuildFile; fileRef = 73B49F8329801D0700D36220 /* ListMoviesVC.swift */; };
		73B49F872980285A00D36220 /* ShadowView.swift in Sources */ = {isa = PBXBuildFile; fileRef = 73B49F862980285800D36220 /* ShadowView.swift */; };
		73B49F8B29802D6B00D36220 /* MoviesCell.swift in Sources */ = {isa = PBXBuildFile; fileRef = 73B49F8929802D6A00D36220 /* MoviesCell.swift */; };
		73B49F8C29802D6B00D36220 /* MoviesCell.xib in Resources */ = {isa = PBXBuildFile; fileRef = 73B49F8A29802D6A00D36220 /* MoviesCell.xib */; };
		73B49F8E29802FBA00D36220 /* ListMoviesVC + UITableView.swift in Sources */ = {isa = PBXBuildFile; fileRef = 73B49F8D29802FBA00D36220 /* ListMoviesVC + UITableView.swift */; };
		73E3652A2981331F006788BD /* MoviesDetailsVC.swift in Sources */ = {isa = PBXBuildFile; fileRef = 73E365292981331F006788BD /* MoviesDetailsVC.swift */; };
		73E3652E29815FFA006788BD /* MovieModel.swift in Sources */ = {isa = PBXBuildFile; fileRef = 73E3652D29815FF9006788BD /* MovieModel.swift */; };
		73E36530298161D9006788BD /* MoviesDetailsVCPresenter.swift in Sources */ = {isa = PBXBuildFile; fileRef = 73E3652F298161D9006788BD /* MoviesDetailsVCPresenter.swift */; };
		73E3653229818C07006788BD /* MoviesDetailsVC+Presenter.swift in Sources */ = {isa = PBXBuildFile; fileRef = 73E3653129818C06006788BD /* MoviesDetailsVC+Presenter.swift */; };
		73E7FB61298272BC00E12A97 /* GoogleService-Info.plist in Resources */ = {isa = PBXBuildFile; fileRef = 73E7FB60298272BB00E12A97 /* GoogleService-Info.plist */; };
		73E7FB6529827FB900E12A97 /* FirebaseAnalytics in Frameworks */ = {isa = PBXBuildFile; productRef = 73E7FB6429827FB900E12A97 /* FirebaseAnalytics */; };
		73E7FB6729827FB900E12A97 /* FirebaseMessaging in Frameworks */ = {isa = PBXBuildFile; productRef = 73E7FB6629827FB900E12A97 /* FirebaseMessaging */; };
/* End PBXBuildFile section */

/* Begin PBXFileReference section */
		73600A4F2980499500033BC7 /* MoviesInteractor.swift */ = {isa = PBXFileReference; lastKnownFileType = sourcecode.swift; path = MoviesInteractor.swift; sourceTree = "<group>"; };
		73600A5129804AC100033BC7 /* UIImage + URLSession.swift */ = {isa = PBXFileReference; lastKnownFileType = sourcecode.swift; path = "UIImage + URLSession.swift"; sourceTree = "<group>"; };
		73600A542980549900033BC7 /* MovieList.swift */ = {isa = PBXFileReference; lastKnownFileType = sourcecode.swift; path = MovieList.swift; sourceTree = "<group>"; };
		73600A592980575700033BC7 /* ListMoviesVCPresenter.swift */ = {isa = PBXFileReference; lastKnownFileType = sourcecode.swift; path = ListMoviesVCPresenter.swift; sourceTree = "<group>"; };
		73600A5B2980596600033BC7 /* ListMoviesVC+Presenter.swift */ = {isa = PBXFileReference; lastKnownFileType = sourcecode.swift; path = "ListMoviesVC+Presenter.swift"; sourceTree = "<group>"; };
		73B49F6729801BFC00D36220 /* TaskAppGain.app */ = {isa = PBXFileReference; explicitFileType = wrapper.application; includeInIndex = 0; path = TaskAppGain.app; sourceTree = BUILT_PRODUCTS_DIR; };
		73B49F6A29801BFC00D36220 /* AppDelegate.swift */ = {isa = PBXFileReference; lastKnownFileType = sourcecode.swift; path = AppDelegate.swift; sourceTree = "<group>"; };
		73B49F6C29801BFC00D36220 /* SceneDelegate.swift */ = {isa = PBXFileReference; lastKnownFileType = sourcecode.swift; path = SceneDelegate.swift; sourceTree = "<group>"; };
		73B49F7129801BFC00D36220 /* Base */ = {isa = PBXFileReference; lastKnownFileType = file.storyboard; name = Base; path = Base.lproj/Main.storyboard; sourceTree = "<group>"; };
		73B49F7329801C0400D36220 /* Assets.xcassets */ = {isa = PBXFileReference; lastKnownFileType = folder.assetcatalog; path = Assets.xcassets; sourceTree = "<group>"; };
		73B49F7629801C0400D36220 /* Base */ = {isa = PBXFileReference; lastKnownFileType = file.storyboard; name = Base; path = Base.lproj/LaunchScreen.storyboard; sourceTree = "<group>"; };
		73B49F7829801C0400D36220 /* Info.plist */ = {isa = PBXFileReference; lastKnownFileType = text.plist.xml; path = Info.plist; sourceTree = "<group>"; };
		73B49F8329801D0700D36220 /* ListMoviesVC.swift */ = {isa = PBXFileReference; lastKnownFileType = sourcecode.swift; path = ListMoviesVC.swift; sourceTree = "<group>"; };
		73B49F862980285800D36220 /* ShadowView.swift */ = {isa = PBXFileReference; lastKnownFileType = sourcecode.swift; path = ShadowView.swift; sourceTree = "<group>"; };
		73B49F8929802D6A00D36220 /* MoviesCell.swift */ = {isa = PBXFileReference; lastKnownFileType = sourcecode.swift; path = MoviesCell.swift; sourceTree = "<group>"; };
		73B49F8A29802D6A00D36220 /* MoviesCell.xib */ = {isa = PBXFileReference; lastKnownFileType = file.xib; path = MoviesCell.xib; sourceTree = "<group>"; };
		73B49F8D29802FBA00D36220 /* ListMoviesVC + UITableView.swift */ = {isa = PBXFileReference; lastKnownFileType = sourcecode.swift; path = "ListMoviesVC + UITableView.swift"; sourceTree = "<group>"; };
		73E365292981331F006788BD /* MoviesDetailsVC.swift */ = {isa = PBXFileReference; lastKnownFileType = sourcecode.swift; path = MoviesDetailsVC.swift; sourceTree = "<group>"; };
		73E3652D29815FF9006788BD /* MovieModel.swift */ = {isa = PBXFileReference; lastKnownFileType = sourcecode.swift; path = MovieModel.swift; sourceTree = "<group>"; };
		73E3652F298161D9006788BD /* MoviesDetailsVCPresenter.swift */ = {isa = PBXFileReference; lastKnownFileType = sourcecode.swift; path = MoviesDetailsVCPresenter.swift; sourceTree = "<group>"; };
		73E3653129818C06006788BD /* MoviesDetailsVC+Presenter.swift */ = {isa = PBXFileReference; lastKnownFileType = sourcecode.swift; path = "MoviesDetailsVC+Presenter.swift"; sourceTree = "<group>"; };
		73E7FB60298272BB00E12A97 /* GoogleService-Info.plist */ = {isa = PBXFileReference; fileEncoding = 4; lastKnownFileType = text.plist.xml; path = "GoogleService-Info.plist"; sourceTree = "<group>"; };
/* End PBXFileReference section */

/* Begin PBXFrameworksBuildPhase section */
		73B49F6429801BFC00D36220 /* Frameworks */ = {
			isa = PBXFrameworksBuildPhase;
			buildActionMask = 2147483647;
			files = (
				73E7FB6729827FB900E12A97 /* FirebaseMessaging in Frameworks */,
				73E7FB6529827FB900E12A97 /* FirebaseAnalytics in Frameworks */,
			);
			runOnlyForDeploymentPostprocessing = 0;
		};
/* End PBXFrameworksBuildPhase section */

/* Begin PBXGroup section */
		73600A4E2980494800033BC7 /* Network Layer */ = {
			isa = PBXGroup;
			children = (
				73600A4F2980499500033BC7 /* MoviesInteractor.swift */,
			);
			path = "Network Layer";
			sourceTree = "<group>";
		};
		73600A532980546E00033BC7 /* Model */ = {
			isa = PBXGroup;
			children = (
				73600A542980549900033BC7 /* MovieList.swift */,
			);
			path = Model;
			sourceTree = "<group>";
		};
		73600A562980556600033BC7 /* Presenter */ = {
			isa = PBXGroup;
			children = (
				73600A592980575700033BC7 /* ListMoviesVCPresenter.swift */,
			);
			path = Presenter;
			sourceTree = "<group>";
		};
		73B49F5E29801BFC00D36220 = {
			isa = PBXGroup;
			children = (
				73B49F6929801BFC00D36220 /* TaskAppGain */,
				73B49F6829801BFC00D36220 /* Products */,
			);
			sourceTree = "<group>";
		};
		73B49F6829801BFC00D36220 /* Products */ = {
			isa = PBXGroup;
			children = (
				73B49F6729801BFC00D36220 /* TaskAppGain.app */,
			);
			name = Products;
			sourceTree = "<group>";
		};
		73B49F6929801BFC00D36220 /* TaskAppGain */ = {
			isa = PBXGroup;
			children = (
				73600A4E2980494800033BC7 /* Network Layer */,
				73B49F852980282500D36220 /* Extension */,
				73B49F7E29801C4600D36220 /* Core */,
				73B49F8029801C6500D36220 /* Configuration */,
				73B49F7F29801C5100D36220 /* Resources */,
				73B49F8129801C7900D36220 /* Scenes */,
				73B49F7029801BFC00D36220 /* Main.storyboard */,
				73B49F7829801C0400D36220 /* Info.plist */,
				73E7FB60298272BB00E12A97 /* GoogleService-Info.plist */,
			);
			path = TaskAppGain;
			sourceTree = "<group>";
		};
		73B49F7E29801C4600D36220 /* Core */ = {
			isa = PBXGroup;
			children = (
				73B49F6A29801BFC00D36220 /* AppDelegate.swift */,
				73B49F6C29801BFC00D36220 /* SceneDelegate.swift */,
			);
			path = Core;
			sourceTree = "<group>";
		};
		73B49F7F29801C5100D36220 /* Resources */ = {
			isa = PBXGroup;
			children = (
				73B49F7329801C0400D36220 /* Assets.xcassets */,
				73B49F7529801C0400D36220 /* LaunchScreen.storyboard */,
			);
			path = Resources;
			sourceTree = "<group>";
		};
		73B49F8029801C6500D36220 /* Configuration */ = {
			isa = PBXGroup;
			children = (
			);
			path = Configuration;
			sourceTree = "<group>";
		};
		73B49F8129801C7900D36220 /* Scenes */ = {
			isa = PBXGroup;
			children = (
				73E872382981BF9700F918E3 /* Movies Details */,
				73E365272981328A006788BD /* Movies List */,
			);
			path = Scenes;
			sourceTree = "<group>";
		};
		73B49F8229801CD600D36220 /* List Movise Controller */ = {
			isa = PBXGroup;
			children = (
				73B49F8329801D0700D36220 /* ListMoviesVC.swift */,
				73B49F8D29802FBA00D36220 /* ListMoviesVC + UITableView.swift */,
				73600A5B2980596600033BC7 /* ListMoviesVC+Presenter.swift */,
			);
			path = "List Movise Controller";
			sourceTree = "<group>";
		};
		73B49F852980282500D36220 /* Extension */ = {
			isa = PBXGroup;
			children = (
				73B49F862980285800D36220 /* ShadowView.swift */,
				73600A5129804AC100033BC7 /* UIImage + URLSession.swift */,
			);
			path = Extension;
			sourceTree = "<group>";
		};
		73B49F8829802D0D00D36220 /* TableViewCells */ = {
			isa = PBXGroup;
			children = (
				73B49F8929802D6A00D36220 /* MoviesCell.swift */,
				73B49F8A29802D6A00D36220 /* MoviesCell.xib */,
			);
			path = TableViewCells;
			sourceTree = "<group>";
		};
		73E365272981328A006788BD /* Movies List */ = {
			isa = PBXGroup;
			children = (
				73600A532980546E00033BC7 /* Model */,
				73B49F8229801CD600D36220 /* List Movise Controller */,
				73600A562980556600033BC7 /* Presenter */,
				73B49F8829802D0D00D36220 /* TableViewCells */,
			);
			path = "Movies List";
			sourceTree = "<group>";
		};
		73E36528298132E5006788BD /* Movies Details Controller */ = {
			isa = PBXGroup;
			children = (
				73E365292981331F006788BD /* MoviesDetailsVC.swift */,
				73E3653129818C06006788BD /* MoviesDetailsVC+Presenter.swift */,
			);
			path = "Movies Details Controller";
			sourceTree = "<group>";
		};
		73E3652B29815F36006788BD /* Presenter */ = {
			isa = PBXGroup;
			children = (
				73E3652F298161D9006788BD /* MoviesDetailsVCPresenter.swift */,
			);
			path = Presenter;
			sourceTree = "<group>";
		};
		73E3652C29815F46006788BD /* Model */ = {
			isa = PBXGroup;
			children = (
				73E3652D29815FF9006788BD /* MovieModel.swift */,
			);
			path = Model;
			sourceTree = "<group>";
		};
		73E872382981BF9700F918E3 /* Movies Details */ = {
			isa = PBXGroup;
			children = (
				73E3652C29815F46006788BD /* Model */,
				73E3652B29815F36006788BD /* Presenter */,
				73E36528298132E5006788BD /* Movies Details Controller */,
			);
			path = "Movies Details";
			sourceTree = "<group>";
		};
/* End PBXGroup section */

/* Begin PBXNativeTarget section */
		73B49F6629801BFC00D36220 /* TaskAppGain */ = {
			isa = PBXNativeTarget;
			buildConfigurationList = 73B49F7B29801C0400D36220 /* Build configuration list for PBXNativeTarget "TaskAppGain" */;
			buildPhases = (
				73B49F6329801BFC00D36220 /* Sources */,
				73B49F6429801BFC00D36220 /* Frameworks */,
				73B49F6529801BFC00D36220 /* Resources */,
			);
			buildRules = (
			);
			dependencies = (
			);
			name = TaskAppGain;
			packageProductDependencies = (
				73E7FB6429827FB900E12A97 /* FirebaseAnalytics */,
				73E7FB6629827FB900E12A97 /* FirebaseMessaging */,
			);
			productName = TaskAppGain;
			productReference = 73B49F6729801BFC00D36220 /* TaskAppGain.app */;
			productType = "com.apple.product-type.application";
		};
/* End PBXNativeTarget section */

/* Begin PBXProject section */
		73B49F5F29801BFC00D36220 /* Project object */ = {
			isa = PBXProject;
			attributes = {
				BuildIndependentTargetsInParallel = 1;
				LastSwiftUpdateCheck = 1320;
				LastUpgradeCheck = 1320;
				TargetAttributes = {
					73B49F6629801BFC00D36220 = {
						CreatedOnToolsVersion = 13.2.1;
					};
				};
			};
			buildConfigurationList = 73B49F6229801BFC00D36220 /* Build configuration list for PBXProject "TaskAppGain" */;
			compatibilityVersion = "Xcode 13.0";
			developmentRegion = en;
			hasScannedForEncodings = 0;
			knownRegions = (
				en,
				Base,
			);
			mainGroup = 73B49F5E29801BFC00D36220;
			packageReferences = (
				73E7FB6329827FB900E12A97 /* XCRemoteSwiftPackageReference "firebase-ios-sdk" */,
			);
			productRefGroup = 73B49F6829801BFC00D36220 /* Products */;
			projectDirPath = "";
			projectRoot = "";
			targets = (
				73B49F6629801BFC00D36220 /* TaskAppGain */,
			);
		};
/* End PBXProject section */

/* Begin PBXResourcesBuildPhase section */
		73B49F6529801BFC00D36220 /* Resources */ = {
			isa = PBXResourcesBuildPhase;
			buildActionMask = 2147483647;
			files = (
				73B49F7729801C0400D36220 /* LaunchScreen.storyboard in Resources */,
				73B49F7429801C0400D36220 /* Assets.xcassets in Resources */,
				73E7FB61298272BC00E12A97 /* GoogleService-Info.plist in Resources */,
				73B49F8C29802D6B00D36220 /* MoviesCell.xib in Resources */,
				73B49F7229801BFC00D36220 /* Main.storyboard in Resources */,
			);
			runOnlyForDeploymentPostprocessing = 0;
		};
/* End PBXResourcesBuildPhase section */

/* Begin PBXSourcesBuildPhase section */
		73B49F6329801BFC00D36220 /* Sources */ = {
			isa = PBXSourcesBuildPhase;
			buildActionMask = 2147483647;
			files = (
				73600A552980549900033BC7 /* MovieList.swift in Sources */,
				73600A5229804AC100033BC7 /* UIImage + URLSession.swift in Sources */,
				73E3652A2981331F006788BD /* MoviesDetailsVC.swift in Sources */,
				73600A5A2980575700033BC7 /* ListMoviesVCPresenter.swift in Sources */,
				73B49F872980285A00D36220 /* ShadowView.swift in Sources */,
				73B49F8B29802D6B00D36220 /* MoviesCell.swift in Sources */,
				73B49F6B29801BFC00D36220 /* AppDelegate.swift in Sources */,
				73B49F8429801D0700D36220 /* ListMoviesVC.swift in Sources */,
				73B49F8E29802FBA00D36220 /* ListMoviesVC + UITableView.swift in Sources */,
				73600A502980499500033BC7 /* MoviesInteractor.swift in Sources */,
				73E3653229818C07006788BD /* MoviesDetailsVC+Presenter.swift in Sources */,
				73E3652E29815FFA006788BD /* MovieModel.swift in Sources */,
				73600A5C2980596600033BC7 /* ListMoviesVC+Presenter.swift in Sources */,
				73B49F6D29801BFC00D36220 /* SceneDelegate.swift in Sources */,
				73E36530298161D9006788BD /* MoviesDetailsVCPresenter.swift in Sources */,
			);
			runOnlyForDeploymentPostprocessing = 0;
		};
/* End PBXSourcesBuildPhase section */

/* Begin PBXVariantGroup section */
		73B49F7029801BFC00D36220 /* Main.storyboard */ = {
			isa = PBXVariantGroup;
			children = (
				73B49F7129801BFC00D36220 /* Base */,
			);
			name = Main.storyboard;
			sourceTree = "<group>";
		};
		73B49F7529801C0400D36220 /* LaunchScreen.storyboard */ = {
			isa = PBXVariantGroup;
			children = (
				73B49F7629801C0400D36220 /* Base */,
			);
			name = LaunchScreen.storyboard;
			sourceTree = "<group>";
		};
/* End PBXVariantGroup section */

/* Begin XCBuildConfiguration section */
		73B49F7929801C0400D36220 /* Debug */ = {
			isa = XCBuildConfiguration;
			buildSettings = {
				ALWAYS_SEARCH_USER_PATHS = NO;
				CLANG_ANALYZER_NONNULL = YES;
				CLANG_ANALYZER_NUMBER_OBJECT_CONVERSION = YES_AGGRESSIVE;
				CLANG_CXX_LANGUAGE_STANDARD = "gnu++17";
				CLANG_CXX_LIBRARY = "libc++";
				CLANG_ENABLE_MODULES = YES;
				CLANG_ENABLE_OBJC_ARC = YES;
				CLANG_ENABLE_OBJC_WEAK = YES;
				CLANG_WARN_BLOCK_CAPTURE_AUTORELEASING = YES;
				CLANG_WARN_BOOL_CONVERSION = YES;
				CLANG_WARN_COMMA = YES;
				CLANG_WARN_CONSTANT_CONVERSION = YES;
				CLANG_WARN_DEPRECATED_OBJC_IMPLEMENTATIONS = YES;
				CLANG_WARN_DIRECT_OBJC_ISA_USAGE = YES_ERROR;
				CLANG_WARN_DOCUMENTATION_COMMENTS = YES;
				CLANG_WARN_EMPTY_BODY = YES;
				CLANG_WARN_ENUM_CONVERSION = YES;
				CLANG_WARN_INFINITE_RECURSION = YES;
				CLANG_WARN_INT_CONVERSION = YES;
				CLANG_WARN_NON_LITERAL_NULL_CONVERSION = YES;
				CLANG_WARN_OBJC_IMPLICIT_RETAIN_SELF = YES;
				CLANG_WARN_OBJC_LITERAL_CONVERSION = YES;
				CLANG_WARN_OBJC_ROOT_CLASS = YES_ERROR;
				CLANG_WARN_QUOTED_INCLUDE_IN_FRAMEWORK_HEADER = YES;
				CLANG_WARN_RANGE_LOOP_ANALYSIS = YES;
				CLANG_WARN_STRICT_PROTOTYPES = YES;
				CLANG_WARN_SUSPICIOUS_MOVE = YES;
				CLANG_WARN_UNGUARDED_AVAILABILITY = YES_AGGRESSIVE;
				CLANG_WARN_UNREACHABLE_CODE = YES;
				CLANG_WARN__DUPLICATE_METHOD_MATCH = YES;
				COPY_PHASE_STRIP = NO;
				DEBUG_INFORMATION_FORMAT = dwarf;
				ENABLE_STRICT_OBJC_MSGSEND = YES;
				ENABLE_TESTABILITY = YES;
				GCC_C_LANGUAGE_STANDARD = gnu11;
				GCC_DYNAMIC_NO_PIC = NO;
				GCC_NO_COMMON_BLOCKS = YES;
				GCC_OPTIMIZATION_LEVEL = 0;
				GCC_PREPROCESSOR_DEFINITIONS = (
					"DEBUG=1",
					"$(inherited)",
				);
				GCC_WARN_64_TO_32_BIT_CONVERSION = YES;
				GCC_WARN_ABOUT_RETURN_TYPE = YES_ERROR;
				GCC_WARN_UNDECLARED_SELECTOR = YES;
				GCC_WARN_UNINITIALIZED_AUTOS = YES_AGGRESSIVE;
				GCC_WARN_UNUSED_FUNCTION = YES;
				GCC_WARN_UNUSED_VARIABLE = YES;
				IPHONEOS_DEPLOYMENT_TARGET = 15.2;
				MTL_ENABLE_DEBUG_INFO = INCLUDE_SOURCE;
				MTL_FAST_MATH = YES;
				ONLY_ACTIVE_ARCH = YES;
				SDKROOT = iphoneos;
				SWIFT_ACTIVE_COMPILATION_CONDITIONS = DEBUG;
				SWIFT_OPTIMIZATION_LEVEL = "-Onone";
			};
			name = Debug;
		};
		73B49F7A29801C0400D36220 /* Release */ = {
			isa = XCBuildConfiguration;
			buildSettings = {
				ALWAYS_SEARCH_USER_PATHS = NO;
				CLANG_ANALYZER_NONNULL = YES;
				CLANG_ANALYZER_NUMBER_OBJECT_CONVERSION = YES_AGGRESSIVE;
				CLANG_CXX_LANGUAGE_STANDARD = "gnu++17";
				CLANG_CXX_LIBRARY = "libc++";
				CLANG_ENABLE_MODULES = YES;
				CLANG_ENABLE_OBJC_ARC = YES;
				CLANG_ENABLE_OBJC_WEAK = YES;
				CLANG_WARN_BLOCK_CAPTURE_AUTORELEASING = YES;
				CLANG_WARN_BOOL_CONVERSION = YES;
				CLANG_WARN_COMMA = YES;
				CLANG_WARN_CONSTANT_CONVERSION = YES;
				CLANG_WARN_DEPRECATED_OBJC_IMPLEMENTATIONS = YES;
				CLANG_WARN_DIRECT_OBJC_ISA_USAGE = YES_ERROR;
				CLANG_WARN_DOCUMENTATION_COMMENTS = YES;
				CLANG_WARN_EMPTY_BODY = YES;
				CLANG_WARN_ENUM_CONVERSION = YES;
				CLANG_WARN_INFINITE_RECURSION = YES;
				CLANG_WARN_INT_CONVERSION = YES;
				CLANG_WARN_NON_LITERAL_NULL_CONVERSION = YES;
				CLANG_WARN_OBJC_IMPLICIT_RETAIN_SELF = YES;
				CLANG_WARN_OBJC_LITERAL_CONVERSION = YES;
				CLANG_WARN_OBJC_ROOT_CLASS = YES_ERROR;
				CLANG_WARN_QUOTED_INCLUDE_IN_FRAMEWORK_HEADER = YES;
				CLANG_WARN_RANGE_LOOP_ANALYSIS = YES;
				CLANG_WARN_STRICT_PROTOTYPES = YES;
				CLANG_WARN_SUSPICIOUS_MOVE = YES;
				CLANG_WARN_UNGUARDED_AVAILABILITY = YES_AGGRESSIVE;
				CLANG_WARN_UNREACHABLE_CODE = YES;
				CLANG_WARN__DUPLICATE_METHOD_MATCH = YES;
				COPY_PHASE_STRIP = NO;
				DEBUG_INFORMATION_FORMAT = "dwarf-with-dsym";
				ENABLE_NS_ASSERTIONS = NO;
				ENABLE_STRICT_OBJC_MSGSEND = YES;
				GCC_C_LANGUAGE_STANDARD = gnu11;
				GCC_NO_COMMON_BLOCKS = YES;
				GCC_WARN_64_TO_32_BIT_CONVERSION = YES;
				GCC_WARN_ABOUT_RETURN_TYPE = YES_ERROR;
				GCC_WARN_UNDECLARED_SELECTOR = YES;
				GCC_WARN_UNINITIALIZED_AUTOS = YES_AGGRESSIVE;
				GCC_WARN_UNUSED_FUNCTION = YES;
				GCC_WARN_UNUSED_VARIABLE = YES;
				IPHONEOS_DEPLOYMENT_TARGET = 15.2;
				MTL_ENABLE_DEBUG_INFO = NO;
				MTL_FAST_MATH = YES;
				SDKROOT = iphoneos;
				SWIFT_COMPILATION_MODE = wholemodule;
				SWIFT_OPTIMIZATION_LEVEL = "-O";
				VALIDATE_PRODUCT = YES;
			};
			name = Release;
		};
		73B49F7C29801C0400D36220 /* Debug */ = {
			isa = XCBuildConfiguration;
			buildSettings = {
				ASSETCATALOG_COMPILER_APPICON_NAME = AppIcon;
				ASSETCATALOG_COMPILER_GLOBAL_ACCENT_COLOR_NAME = AccentColor;
				CODE_SIGN_STYLE = Automatic;
				CURRENT_PROJECT_VERSION = 1;
				DEVELOPMENT_TEAM = UVXFA7228C;
				GENERATE_INFOPLIST_FILE = YES;
				INFOPLIST_FILE = TaskAppGain/Info.plist;
				INFOPLIST_KEY_CFBundleDisplayName = Movies;
				INFOPLIST_KEY_UIApplicationSupportsIndirectInputEvents = YES;
				INFOPLIST_KEY_UILaunchStoryboardName = LaunchScreen;
				INFOPLIST_KEY_UIMainStoryboardFile = Main;
				INFOPLIST_KEY_UISupportedInterfaceOrientations_iPad = "UIInterfaceOrientationPortrait UIInterfaceOrientationPortraitUpsideDown UIInterfaceOrientationLandscapeLeft UIInterfaceOrientationLandscapeRight";
				INFOPLIST_KEY_UISupportedInterfaceOrientations_iPhone = "UIInterfaceOrientationPortrait UIInterfaceOrientationLandscapeLeft UIInterfaceOrientationLandscapeRight";
				LD_RUNPATH_SEARCH_PATHS = (
					"$(inherited)",
					"@executable_path/Frameworks",
				);
				MARKETING_VERSION = 1.0;
				PRODUCT_BUNDLE_IDENTIFIER = com.iosdev.TaskAppGain;
				PRODUCT_NAME = "$(TARGET_NAME)";
				SWIFT_EMIT_LOC_STRINGS = YES;
				SWIFT_VERSION = 5.0;
				TARGETED_DEVICE_FAMILY = "1,2";
			};
			name = Debug;
		};
		73B49F7D29801C0400D36220 /* Release */ = {
			isa = XCBuildConfiguration;
			buildSettings = {
				ASSETCATALOG_COMPILER_APPICON_NAME = AppIcon;
				ASSETCATALOG_COMPILER_GLOBAL_ACCENT_COLOR_NAME = AccentColor;
				CODE_SIGN_STYLE = Automatic;
				CURRENT_PROJECT_VERSION = 1;
				DEVELOPMENT_TEAM = UVXFA7228C;
				GENERATE_INFOPLIST_FILE = YES;
				INFOPLIST_FILE = TaskAppGain/Info.plist;
				INFOPLIST_KEY_CFBundleDisplayName = Movies;
				INFOPLIST_KEY_UIApplicationSupportsIndirectInputEvents = YES;
				INFOPLIST_KEY_UILaunchStoryboardName = LaunchScreen;
				INFOPLIST_KEY_UIMainStoryboardFile = Main;
				INFOPLIST_KEY_UISupportedInterfaceOrientations_iPad = "UIInterfaceOrientationPortrait UIInterfaceOrientationPortraitUpsideDown UIInterfaceOrientationLandscapeLeft UIInterfaceOrientationLandscapeRight";
				INFOPLIST_KEY_UISupportedInterfaceOrientations_iPhone = "UIInterfaceOrientationPortrait UIInterfaceOrientationLandscapeLeft UIInterfaceOrientationLandscapeRight";
				LD_RUNPATH_SEARCH_PATHS = (
					"$(inherited)",
					"@executable_path/Frameworks",
				);
				MARKETING_VERSION = 1.0;
				PRODUCT_BUNDLE_IDENTIFIER = com.iosdev.TaskAppGain;
				PRODUCT_NAME = "$(TARGET_NAME)";
				SWIFT_EMIT_LOC_STRINGS = YES;
				SWIFT_VERSION = 5.0;
				TARGETED_DEVICE_FAMILY = "1,2";
			};
			name = Release;
		};
/* End XCBuildConfiguration section */

/* Begin XCConfigurationList section */
		73B49F6229801BFC00D36220 /* Build configuration list for PBXProject "TaskAppGain" */ = {
			isa = XCConfigurationList;
			buildConfigurations = (
				73B49F7929801C0400D36220 /* Debug */,
				73B49F7A29801C0400D36220 /* Release */,
			);
			defaultConfigurationIsVisible = 0;
			defaultConfigurationName = Release;
		};
		73B49F7B29801C0400D36220 /* Build configuration list for PBXNativeTarget "TaskAppGain" */ = {
			isa = XCConfigurationList;
			buildConfigurations = (
				73B49F7C29801C0400D36220 /* Debug */,
				73B49F7D29801C0400D36220 /* Release */,
			);
			defaultConfigurationIsVisible = 0;
			defaultConfigurationName = Release;
		};
/* End XCConfigurationList section */

/* Begin XCRemoteSwiftPackageReference section */
		73E7FB6329827FB900E12A97 /* XCRemoteSwiftPackageReference "firebase-ios-sdk" */ = {
			isa = XCRemoteSwiftPackageReference;
			repositoryURL = "https://github.com/firebase/firebase-ios-sdk";
			requirement = {
				kind = upToNextMajorVersion;
				minimumVersion = 9.0.0;
			};
		};
/* End XCRemoteSwiftPackageReference section */

/* Begin XCSwiftPackageProductDependency section */
		73E7FB6429827FB900E12A97 /* FirebaseAnalytics */ = {
			isa = XCSwiftPackageProductDependency;
			package = 73E7FB6329827FB900E12A97 /* XCRemoteSwiftPackageReference "firebase-ios-sdk" */;
			productName = FirebaseAnalytics;
		};
		73E7FB6629827FB900E12A97 /* FirebaseMessaging */ = {
			isa = XCSwiftPackageProductDependency;
			package = 73E7FB6329827FB900E12A97 /* XCRemoteSwiftPackageReference "firebase-ios-sdk" */;
			productName = FirebaseMessaging;
		};
/* End XCSwiftPackageProductDependency section */
	};
	rootObject = 73B49F5F29801BFC00D36220 /* Project object */;
}
